// !$*UTF8*$!
{
	archiveVersion = 1;
	classes = {
	};
	objectVersion = 55;
	objects = {

/* Begin PBXBuildFile section */
		CE3F80D728B16F18008CEC54 /* YoutubeSearchResponse.swift in Sources */ = {isa = PBXBuildFile; fileRef = CE3F80D628B16F18008CEC54 /* YoutubeSearchResponse.swift */; };
		CE3F80D928B17682008CEC54 /* TitlePreviewViewController.swift in Sources */ = {isa = PBXBuildFile; fileRef = CE3F80D828B17682008CEC54 /* TitlePreviewViewController.swift */; };
		CE3F80DB28B17D51008CEC54 /* TitlePreviewViewModel.swift in Sources */ = {isa = PBXBuildFile; fileRef = CE3F80DA28B17D51008CEC54 /* TitlePreviewViewModel.swift */; };
		CE729F3F28637859007351DC /* AppDelegate.swift in Sources */ = {isa = PBXBuildFile; fileRef = CE729F3E28637859007351DC /* AppDelegate.swift */; };
		CE729F4128637859007351DC /* SceneDelegate.swift in Sources */ = {isa = PBXBuildFile; fileRef = CE729F4028637859007351DC /* SceneDelegate.swift */; };
		CE729F4328637859007351DC /* MainTabBarViewController.swift in Sources */ = {isa = PBXBuildFile; fileRef = CE729F4228637859007351DC /* MainTabBarViewController.swift */; };
		CE729F482863785D007351DC /* Assets.xcassets in Resources */ = {isa = PBXBuildFile; fileRef = CE729F472863785D007351DC /* Assets.xcassets */; };
		CE729F4B2863785D007351DC /* LaunchScreen.storyboard in Resources */ = {isa = PBXBuildFile; fileRef = CE729F492863785D007351DC /* LaunchScreen.storyboard */; };
		CE91A701286C88950003B9E7 /* APICaller.swift in Sources */ = {isa = PBXBuildFile; fileRef = CE91A700286C88950003B9E7 /* APICaller.swift */; };
		CE91A703286CAFD70003B9E7 /* Title.swift in Sources */ = {isa = PBXBuildFile; fileRef = CE91A702286CAFD70003B9E7 /* Title.swift */; };
		CE91A705286CB4720003B9E7 /* Extensions.swift in Sources */ = {isa = PBXBuildFile; fileRef = CE91A704286CB4710003B9E7 /* Extensions.swift */; };
		CE91A709286CDD910003B9E7 /* TitleCollectionViewCell.swift in Sources */ = {isa = PBXBuildFile; fileRef = CE91A708286CDD910003B9E7 /* TitleCollectionViewCell.swift */; };
		CE91A70C286CE1580003B9E7 /* SDWebImage in Frameworks */ = {isa = PBXBuildFile; productRef = CE91A70B286CE1580003B9E7 /* SDWebImage */; };
		CE91A70E286CE1580003B9E7 /* SDWebImageMapKit in Frameworks */ = {isa = PBXBuildFile; productRef = CE91A70D286CE1580003B9E7 /* SDWebImageMapKit */; };
		CE9DE918286452AB003FBAA1 /* CollectionViewTableViewCell.swift in Sources */ = {isa = PBXBuildFile; fileRef = CE9DE917286452AB003FBAA1 /* CollectionViewTableViewCell.swift */; };
		CEB24736286DE07900D999B2 /* TitleTableViewCell.swift in Sources */ = {isa = PBXBuildFile; fileRef = CEB24735286DE07900D999B2 /* TitleTableViewCell.swift */; };
		CEB24738286DE4F200D999B2 /* TitleViewModel.swift in Sources */ = {isa = PBXBuildFile; fileRef = CEB24737286DE4F200D999B2 /* TitleViewModel.swift */; };
		CEB58E91286A025500B6ADAE /* HeroHeaderUIView.swift in Sources */ = {isa = PBXBuildFile; fileRef = CEB58E90286A025500B6ADAE /* HeroHeaderUIView.swift */; };
		CEC06305286E34200034DA8B /* SearchResultsViewController.swift in Sources */ = {isa = PBXBuildFile; fileRef = CEC06304286E34200034DA8B /* SearchResultsViewController.swift */; };
		CEEB9E6A28637E5700F019A0 /* HomeViewController.swift in Sources */ = {isa = PBXBuildFile; fileRef = CEEB9E6928637E5700F019A0 /* HomeViewController.swift */; };
		CEEB9E6C28637EB100F019A0 /* UpcomingViewController.swift in Sources */ = {isa = PBXBuildFile; fileRef = CEEB9E6B28637EB100F019A0 /* UpcomingViewController.swift */; };
		CEEB9E6E28637EE800F019A0 /* SearchViewController.swift in Sources */ = {isa = PBXBuildFile; fileRef = CEEB9E6D28637EE800F019A0 /* SearchViewController.swift */; };
		CEEB9E7028637F2E00F019A0 /* DownloadsViewController.swift in Sources */ = {isa = PBXBuildFile; fileRef = CEEB9E6F28637F2E00F019A0 /* DownloadsViewController.swift */; };
/* End PBXBuildFile section */

/* Begin PBXFileReference section */
		CE3F80D628B16F18008CEC54 /* YoutubeSearchResponse.swift */ = {isa = PBXFileReference; lastKnownFileType = sourcecode.swift; path = YoutubeSearchResponse.swift; sourceTree = "<group>"; };
		CE3F80D828B17682008CEC54 /* TitlePreviewViewController.swift */ = {isa = PBXFileReference; lastKnownFileType = sourcecode.swift; path = TitlePreviewViewController.swift; sourceTree = "<group>"; };
		CE3F80DA28B17D51008CEC54 /* TitlePreviewViewModel.swift */ = {isa = PBXFileReference; lastKnownFileType = sourcecode.swift; path = TitlePreviewViewModel.swift; sourceTree = "<group>"; };
		CE729F3B28637859007351DC /* Netflix.app */ = {isa = PBXFileReference; explicitFileType = wrapper.application; includeInIndex = 0; path = Netflix.app; sourceTree = BUILT_PRODUCTS_DIR; };
		CE729F3E28637859007351DC /* AppDelegate.swift */ = {isa = PBXFileReference; lastKnownFileType = sourcecode.swift; path = AppDelegate.swift; sourceTree = "<group>"; };
		CE729F4028637859007351DC /* SceneDelegate.swift */ = {isa = PBXFileReference; lastKnownFileType = sourcecode.swift; path = SceneDelegate.swift; sourceTree = "<group>"; };
		CE729F4228637859007351DC /* MainTabBarViewController.swift */ = {isa = PBXFileReference; lastKnownFileType = sourcecode.swift; path = MainTabBarViewController.swift; sourceTree = "<group>"; };
		CE729F472863785D007351DC /* Assets.xcassets */ = {isa = PBXFileReference; lastKnownFileType = folder.assetcatalog; path = Assets.xcassets; sourceTree = "<group>"; };
		CE729F4A2863785D007351DC /* Base */ = {isa = PBXFileReference; lastKnownFileType = file.storyboard; name = Base; path = Base.lproj/LaunchScreen.storyboard; sourceTree = "<group>"; };
		CE729F4C2863785D007351DC /* Info.plist */ = {isa = PBXFileReference; lastKnownFileType = text.plist.xml; path = Info.plist; sourceTree = "<group>"; };
		CE91A700286C88950003B9E7 /* APICaller.swift */ = {isa = PBXFileReference; lastKnownFileType = sourcecode.swift; path = APICaller.swift; sourceTree = "<group>"; };
		CE91A702286CAFD70003B9E7 /* Title.swift */ = {isa = PBXFileReference; lastKnownFileType = sourcecode.swift; path = Title.swift; sourceTree = "<group>"; };
		CE91A704286CB4710003B9E7 /* Extensions.swift */ = {isa = PBXFileReference; lastKnownFileType = sourcecode.swift; path = Extensions.swift; sourceTree = "<group>"; };
		CE91A708286CDD910003B9E7 /* TitleCollectionViewCell.swift */ = {isa = PBXFileReference; lastKnownFileType = sourcecode.swift; path = TitleCollectionViewCell.swift; sourceTree = "<group>"; };
		CE9DE917286452AB003FBAA1 /* CollectionViewTableViewCell.swift */ = {isa = PBXFileReference; lastKnownFileType = sourcecode.swift; path = CollectionViewTableViewCell.swift; sourceTree = "<group>"; };
		CEB24735286DE07900D999B2 /* TitleTableViewCell.swift */ = {isa = PBXFileReference; lastKnownFileType = sourcecode.swift; path = TitleTableViewCell.swift; sourceTree = "<group>"; };
		CEB24737286DE4F200D999B2 /* TitleViewModel.swift */ = {isa = PBXFileReference; lastKnownFileType = sourcecode.swift; path = TitleViewModel.swift; sourceTree = "<group>"; };
		CEB58E90286A025500B6ADAE /* HeroHeaderUIView.swift */ = {isa = PBXFileReference; lastKnownFileType = sourcecode.swift; path = HeroHeaderUIView.swift; sourceTree = "<group>"; };
		CEC06304286E34200034DA8B /* SearchResultsViewController.swift */ = {isa = PBXFileReference; lastKnownFileType = sourcecode.swift; path = SearchResultsViewController.swift; sourceTree = "<group>"; };
		CEEB9E6928637E5700F019A0 /* HomeViewController.swift */ = {isa = PBXFileReference; lastKnownFileType = sourcecode.swift; path = HomeViewController.swift; sourceTree = "<group>"; };
		CEEB9E6B28637EB100F019A0 /* UpcomingViewController.swift */ = {isa = PBXFileReference; lastKnownFileType = sourcecode.swift; path = UpcomingViewController.swift; sourceTree = "<group>"; };
		CEEB9E6D28637EE800F019A0 /* SearchViewController.swift */ = {isa = PBXFileReference; lastKnownFileType = sourcecode.swift; path = SearchViewController.swift; sourceTree = "<group>"; };
		CEEB9E6F28637F2E00F019A0 /* DownloadsViewController.swift */ = {isa = PBXFileReference; lastKnownFileType = sourcecode.swift; path = DownloadsViewController.swift; sourceTree = "<group>"; };
/* End PBXFileReference section */

/* Begin PBXFrameworksBuildPhase section */
		CE729F3828637859007351DC /* Frameworks */ = {
			isa = PBXFrameworksBuildPhase;
			buildActionMask = 2147483647;
			files = (
				CE91A70E286CE1580003B9E7 /* SDWebImageMapKit in Frameworks */,
				CE91A70C286CE1580003B9E7 /* SDWebImage in Frameworks */,
			);
			runOnlyForDeploymentPostprocessing = 0;
		};
/* End PBXFrameworksBuildPhase section */

/* Begin PBXGroup section */
		CE729F3228637859007351DC = {
			isa = PBXGroup;
			children = (
				CE729F3D28637859007351DC /* Netflix */,
				CE729F3C28637859007351DC /* Products */,
			);
			sourceTree = "<group>";
		};
		CE729F3C28637859007351DC /* Products */ = {
			isa = PBXGroup;
			children = (
				CE729F3B28637859007351DC /* Netflix.app */,
			);
			name = Products;
			sourceTree = "<group>";
		};
		CE729F3D28637859007351DC /* Netflix */ = {
			isa = PBXGroup;
			children = (
				CE729F3E28637859007351DC /* AppDelegate.swift */,
				CE729F4028637859007351DC /* SceneDelegate.swift */,
				CE9DE916286451A4003FBAA1 /* Menagers */,
				CE9DE91528645191003FBAA1 /* Resources */,
				CE9DE91428645119003FBAA1 /* Models */,
				CE9DE912286450DE003FBAA1 /* Views */,
				CE9DE91328645104003FBAA1 /* ViewModels */,
				CE729F5228637C9B007351DC /* Controllers */,
				CE729F472863785D007351DC /* Assets.xcassets */,
				CE729F492863785D007351DC /* LaunchScreen.storyboard */,
				CE729F4C2863785D007351DC /* Info.plist */,
			);
			path = Netflix;
			sourceTree = "<group>";
		};
		CE729F5228637C9B007351DC /* Controllers */ = {
			isa = PBXGroup;
			children = (
				CEC06307286E349D0034DA8B /* General */,
				CEC06306286E347A0034DA8B /* Core */,
			);
			path = Controllers;
			sourceTree = "<group>";
		};
		CE9DE912286450DE003FBAA1 /* Views */ = {
			isa = PBXGroup;
			children = (
				CE9DE917286452AB003FBAA1 /* CollectionViewTableViewCell.swift */,
				CEB58E90286A025500B6ADAE /* HeroHeaderUIView.swift */,
				CE91A708286CDD910003B9E7 /* TitleCollectionViewCell.swift */,
				CEB24735286DE07900D999B2 /* TitleTableViewCell.swift */,
			);
			path = Views;
			sourceTree = "<group>";
		};
		CE9DE91328645104003FBAA1 /* ViewModels */ = {
			isa = PBXGroup;
			children = (
				CEB24737286DE4F200D999B2 /* TitleViewModel.swift */,
				CE3F80DA28B17D51008CEC54 /* TitlePreviewViewModel.swift */,
			);
			path = ViewModels;
			sourceTree = "<group>";
		};
		CE9DE91428645119003FBAA1 /* Models */ = {
			isa = PBXGroup;
			children = (
				CE91A702286CAFD70003B9E7 /* Title.swift */,
				CE3F80D628B16F18008CEC54 /* YoutubeSearchResponse.swift */,
			);
			path = Models;
			sourceTree = "<group>";
		};
		CE9DE91528645191003FBAA1 /* Resources */ = {
			isa = PBXGroup;
			children = (
				CE91A704286CB4710003B9E7 /* Extensions.swift */,
			);
			path = Resources;
			sourceTree = "<group>";
		};
		CE9DE916286451A4003FBAA1 /* Menagers */ = {
			isa = PBXGroup;
			children = (
				CE91A700286C88950003B9E7 /* APICaller.swift */,
			);
			path = Menagers;
			sourceTree = "<group>";
		};
		CEC06306286E347A0034DA8B /* Core */ = {
			isa = PBXGroup;
			children = (
				CEEB9E6928637E5700F019A0 /* HomeViewController.swift */,
				CEEB9E6B28637EB100F019A0 /* UpcomingViewController.swift */,
				CEEB9E6D28637EE800F019A0 /* SearchViewController.swift */,
				CE729F4228637859007351DC /* MainTabBarViewController.swift */,
				CEEB9E6F28637F2E00F019A0 /* DownloadsViewController.swift */,
			);
			path = Core;
			sourceTree = "<group>";
		};
		CEC06307286E349D0034DA8B /* General */ = {
			isa = PBXGroup;
			children = (
				CEC06304286E34200034DA8B /* SearchResultsViewController.swift */,
				CE3F80D828B17682008CEC54 /* TitlePreviewViewController.swift */,
			);
			path = General;
			sourceTree = "<group>";
		};
/* End PBXGroup section */

/* Begin PBXNativeTarget section */
		CE729F3A28637859007351DC /* Netflix */ = {
			isa = PBXNativeTarget;
			buildConfigurationList = CE729F4F2863785D007351DC /* Build configuration list for PBXNativeTarget "Netflix" */;
			buildPhases = (
				CE729F3728637859007351DC /* Sources */,
				CE729F3828637859007351DC /* Frameworks */,
				CE729F3928637859007351DC /* Resources */,
			);
			buildRules = (
			);
			dependencies = (
			);
			name = Netflix;
			packageProductDependencies = (
				CE91A70B286CE1580003B9E7 /* SDWebImage */,
				CE91A70D286CE1580003B9E7 /* SDWebImageMapKit */,
			);
			productName = Netflix;
			productReference = CE729F3B28637859007351DC /* Netflix.app */;
			productType = "com.apple.product-type.application";
		};
/* End PBXNativeTarget section */

/* Begin PBXProject section */
		CE729F3328637859007351DC /* Project object */ = {
			isa = PBXProject;
			attributes = {
				BuildIndependentTargetsInParallel = 1;
				LastSwiftUpdateCheck = 1340;
				LastUpgradeCheck = 1340;
				TargetAttributes = {
					CE729F3A28637859007351DC = {
						CreatedOnToolsVersion = 13.4.1;
					};
				};
			};
			buildConfigurationList = CE729F3628637859007351DC /* Build configuration list for PBXProject "Netflix" */;
			compatibilityVersion = "Xcode 13.0";
			developmentRegion = en;
			hasScannedForEncodings = 0;
			knownRegions = (
				en,
				Base,
			);
			mainGroup = CE729F3228637859007351DC;
			packageReferences = (
				CE91A70A286CE1580003B9E7 /* XCRemoteSwiftPackageReference "SDWebImage" */,
			);
			productRefGroup = CE729F3C28637859007351DC /* Products */;
			projectDirPath = "";
			projectRoot = "";
			targets = (
				CE729F3A28637859007351DC /* Netflix */,
			);
		};
/* End PBXProject section */

/* Begin PBXResourcesBuildPhase section */
		CE729F3928637859007351DC /* Resources */ = {
			isa = PBXResourcesBuildPhase;
			buildActionMask = 2147483647;
			files = (
				CE729F4B2863785D007351DC /* LaunchScreen.storyboard in Resources */,
				CE729F482863785D007351DC /* Assets.xcassets in Resources */,
			);
			runOnlyForDeploymentPostprocessing = 0;
		};
/* End PBXResourcesBuildPhase section */

/* Begin PBXSourcesBuildPhase section */
		CE729F3728637859007351DC /* Sources */ = {
			isa = PBXSourcesBuildPhase;
			buildActionMask = 2147483647;
			files = (
				CEB24736286DE07900D999B2 /* TitleTableViewCell.swift in Sources */,
				CEEB9E6E28637EE800F019A0 /* SearchViewController.swift in Sources */,
				CE91A709286CDD910003B9E7 /* TitleCollectionViewCell.swift in Sources */,
				CE729F4328637859007351DC /* MainTabBarViewController.swift in Sources */,
				CE9DE918286452AB003FBAA1 /* CollectionViewTableViewCell.swift in Sources */,
				CE91A701286C88950003B9E7 /* APICaller.swift in Sources */,
				CEB58E91286A025500B6ADAE /* HeroHeaderUIView.swift in Sources */,
				CEEB9E7028637F2E00F019A0 /* DownloadsViewController.swift in Sources */,
				CE729F3F28637859007351DC /* AppDelegate.swift in Sources */,
				CEC06305286E34200034DA8B /* SearchResultsViewController.swift in Sources */,
				CE91A705286CB4720003B9E7 /* Extensions.swift in Sources */,
				CE3F80D728B16F18008CEC54 /* YoutubeSearchResponse.swift in Sources */,
				CE729F4128637859007351DC /* SceneDelegate.swift in Sources */,
				CE3F80DB28B17D51008CEC54 /* TitlePreviewViewModel.swift in Sources */,
				CEEB9E6C28637EB100F019A0 /* UpcomingViewController.swift in Sources */,
				CE3F80D928B17682008CEC54 /* TitlePreviewViewController.swift in Sources */,
				CE91A703286CAFD70003B9E7 /* Title.swift in Sources */,
				CEEB9E6A28637E5700F019A0 /* HomeViewController.swift in Sources */,
				CEB24738286DE4F200D999B2 /* TitleViewModel.swift in Sources */,
			);
			runOnlyForDeploymentPostprocessing = 0;
		};
/* End PBXSourcesBuildPhase section */

/* Begin PBXVariantGroup section */
		CE729F492863785D007351DC /* LaunchScreen.storyboard */ = {
			isa = PBXVariantGroup;
			children = (
				CE729F4A2863785D007351DC /* Base */,
			);
			name = LaunchScreen.storyboard;
			sourceTree = "<group>";
		};
/* End PBXVariantGroup section */

/* Begin XCBuildConfiguration section */
		CE729F4D2863785D007351DC /* Debug */ = {
			isa = XCBuildConfiguration;
			buildSettings = {
				ALWAYS_SEARCH_USER_PATHS = NO;
				CLANG_ANALYZER_NONNULL = YES;
				CLANG_ANALYZER_NUMBER_OBJECT_CONVERSION = YES_AGGRESSIVE;
				CLANG_CXX_LANGUAGE_STANDARD = "gnu++17";
				CLANG_ENABLE_MODULES = YES;
				CLANG_ENABLE_OBJC_ARC = YES;
				CLANG_ENABLE_OBJC_WEAK = YES;
				CLANG_WARN_BLOCK_CAPTURE_AUTORELEASING = YES;
				CLANG_WARN_BOOL_CONVERSION = YES;
				CLANG_WARN_COMMA = YES;
				CLANG_WARN_CONSTANT_CONVERSION = YES;
				CLANG_WARN_DEPRECATED_OBJC_IMPLEMENTATIONS = YES;
				CLANG_WARN_DIRECT_OBJC_ISA_USAGE = YES_ERROR;
				CLANG_WARN_DOCUMENTATION_COMMENTS = YES;
				CLANG_WARN_EMPTY_BODY = YES;
				CLANG_WARN_ENUM_CONVERSION = YES;
				CLANG_WARN_INFINITE_RECURSION = YES;
				CLANG_WARN_INT_CONVERSION = YES;
				CLANG_WARN_NON_LITERAL_NULL_CONVERSION = YES;
				CLANG_WARN_OBJC_IMPLICIT_RETAIN_SELF = YES;
				CLANG_WARN_OBJC_LITERAL_CONVERSION = YES;
				CLANG_WARN_OBJC_ROOT_CLASS = YES_ERROR;
				CLANG_WARN_QUOTED_INCLUDE_IN_FRAMEWORK_HEADER = YES;
				CLANG_WARN_RANGE_LOOP_ANALYSIS = YES;
				CLANG_WARN_STRICT_PROTOTYPES = YES;
				CLANG_WARN_SUSPICIOUS_MOVE = YES;
				CLANG_WARN_UNGUARDED_AVAILABILITY = YES_AGGRESSIVE;
				CLANG_WARN_UNREACHABLE_CODE = YES;
				CLANG_WARN__DUPLICATE_METHOD_MATCH = YES;
				COPY_PHASE_STRIP = NO;
				DEBUG_INFORMATION_FORMAT = dwarf;
				ENABLE_STRICT_OBJC_MSGSEND = YES;
				ENABLE_TESTABILITY = YES;
				GCC_C_LANGUAGE_STANDARD = gnu11;
				GCC_DYNAMIC_NO_PIC = NO;
				GCC_NO_COMMON_BLOCKS = YES;
				GCC_OPTIMIZATION_LEVEL = 0;
				GCC_PREPROCESSOR_DEFINITIONS = (
					"DEBUG=1",
					"$(inherited)",
				);
				GCC_WARN_64_TO_32_BIT_CONVERSION = YES;
				GCC_WARN_ABOUT_RETURN_TYPE = YES_ERROR;
				GCC_WARN_UNDECLARED_SELECTOR = YES;
				GCC_WARN_UNINITIALIZED_AUTOS = YES_AGGRESSIVE;
				GCC_WARN_UNUSED_FUNCTION = YES;
				GCC_WARN_UNUSED_VARIABLE = YES;
				IPHONEOS_DEPLOYMENT_TARGET = 15.5;
				MTL_ENABLE_DEBUG_INFO = INCLUDE_SOURCE;
				MTL_FAST_MATH = YES;
				ONLY_ACTIVE_ARCH = YES;
				SDKROOT = iphoneos;
				SWIFT_ACTIVE_COMPILATION_CONDITIONS = DEBUG;
				SWIFT_OPTIMIZATION_LEVEL = "-Onone";
			};
			name = Debug;
		};
		CE729F4E2863785D007351DC /* Release */ = {
			isa = XCBuildConfiguration;
			buildSettings = {
				ALWAYS_SEARCH_USER_PATHS = NO;
				CLANG_ANALYZER_NONNULL = YES;
				CLANG_ANALYZER_NUMBER_OBJECT_CONVERSION = YES_AGGRESSIVE;
				CLANG_CXX_LANGUAGE_STANDARD = "gnu++17";
				CLANG_ENABLE_MODULES = YES;
				CLANG_ENABLE_OBJC_ARC = YES;
				CLANG_ENABLE_OBJC_WEAK = YES;
				CLANG_WARN_BLOCK_CAPTURE_AUTORELEASING = YES;
				CLANG_WARN_BOOL_CONVERSION = YES;
				CLANG_WARN_COMMA = YES;
				CLANG_WARN_CONSTANT_CONVERSION = YES;
				CLANG_WARN_DEPRECATED_OBJC_IMPLEMENTATIONS = YES;
				CLANG_WARN_DIRECT_OBJC_ISA_USAGE = YES_ERROR;
				CLANG_WARN_DOCUMENTATION_COMMENTS = YES;
				CLANG_WARN_EMPTY_BODY = YES;
				CLANG_WARN_ENUM_CONVERSION = YES;
				CLANG_WARN_INFINITE_RECURSION = YES;
				CLANG_WARN_INT_CONVERSION = YES;
				CLANG_WARN_NON_LITERAL_NULL_CONVERSION = YES;
				CLANG_WARN_OBJC_IMPLICIT_RETAIN_SELF = YES;
				CLANG_WARN_OBJC_LITERAL_CONVERSION = YES;
				CLANG_WARN_OBJC_ROOT_CLASS = YES_ERROR;
				CLANG_WARN_QUOTED_INCLUDE_IN_FRAMEWORK_HEADER = YES;
				CLANG_WARN_RANGE_LOOP_ANALYSIS = YES;
				CLANG_WARN_STRICT_PROTOTYPES = YES;
				CLANG_WARN_SUSPICIOUS_MOVE = YES;
				CLANG_WARN_UNGUARDED_AVAILABILITY = YES_AGGRESSIVE;
				CLANG_WARN_UNREACHABLE_CODE = YES;
				CLANG_WARN__DUPLICATE_METHOD_MATCH = YES;
				COPY_PHASE_STRIP = NO;
				DEBUG_INFORMATION_FORMAT = "dwarf-with-dsym";
				ENABLE_NS_ASSERTIONS = NO;
				ENABLE_STRICT_OBJC_MSGSEND = YES;
				GCC_C_LANGUAGE_STANDARD = gnu11;
				GCC_NO_COMMON_BLOCKS = YES;
				GCC_WARN_64_TO_32_BIT_CONVERSION = YES;
				GCC_WARN_ABOUT_RETURN_TYPE = YES_ERROR;
				GCC_WARN_UNDECLARED_SELECTOR = YES;
				GCC_WARN_UNINITIALIZED_AUTOS = YES_AGGRESSIVE;
				GCC_WARN_UNUSED_FUNCTION = YES;
				GCC_WARN_UNUSED_VARIABLE = YES;
				IPHONEOS_DEPLOYMENT_TARGET = 15.5;
				MTL_ENABLE_DEBUG_INFO = NO;
				MTL_FAST_MATH = YES;
				SDKROOT = iphoneos;
				SWIFT_COMPILATION_MODE = wholemodule;
				SWIFT_OPTIMIZATION_LEVEL = "-O";
				VALIDATE_PRODUCT = YES;
			};
			name = Release;
		};
		CE729F502863785D007351DC /* Debug */ = {
			isa = XCBuildConfiguration;
			buildSettings = {
				ASSETCATALOG_COMPILER_APPICON_NAME = AppIcon;
				ASSETCATALOG_COMPILER_GLOBAL_ACCENT_COLOR_NAME = AccentColor;
				CODE_SIGN_STYLE = Automatic;
				CURRENT_PROJECT_VERSION = 1;
				DEVELOPMENT_TEAM = P8QZM95ZKM;
				GENERATE_INFOPLIST_FILE = YES;
				INFOPLIST_FILE = Netflix/Info.plist;
				INFOPLIST_KEY_UIApplicationSupportsIndirectInputEvents = YES;
				INFOPLIST_KEY_UILaunchStoryboardName = LaunchScreen;
				INFOPLIST_KEY_UISupportedInterfaceOrientations_iPad = "UIInterfaceOrientationPortrait UIInterfaceOrientationPortraitUpsideDown UIInterfaceOrientationLandscapeLeft UIInterfaceOrientationLandscapeRight";
				INFOPLIST_KEY_UISupportedInterfaceOrientations_iPhone = "UIInterfaceOrientationPortrait UIInterfaceOrientationLandscapeLeft UIInterfaceOrientationLandscapeRight";
				LD_RUNPATH_SEARCH_PATHS = (
					"$(inherited)",
					"@executable_path/Frameworks",
				);
				MARKETING_VERSION = 1.0;
				PRODUCT_BUNDLE_IDENTIFIER = com.Husik.Netflix;
				PRODUCT_NAME = "$(TARGET_NAME)";
				SWIFT_EMIT_LOC_STRINGS = YES;
				SWIFT_VERSION = 5.0;
				TARGETED_DEVICE_FAMILY = "1,2";
			};
			name = Debug;
		};
		CE729F512863785D007351DC /* Release */ = {
			isa = XCBuildConfiguration;
			buildSettings = {
				ASSETCATALOG_COMPILER_APPICON_NAME = AppIcon;
				ASSETCATALOG_COMPILER_GLOBAL_ACCENT_COLOR_NAME = AccentColor;
				CODE_SIGN_STYLE = Automatic;
				CURRENT_PROJECT_VERSION = 1;
				DEVELOPMENT_TEAM = P8QZM95ZKM;
				GENERATE_INFOPLIST_FILE = YES;
				INFOPLIST_FILE = Netflix/Info.plist;
				INFOPLIST_KEY_UIApplicationSupportsIndirectInputEvents = YES;
				INFOPLIST_KEY_UILaunchStoryboardName = LaunchScreen;
				INFOPLIST_KEY_UISupportedInterfaceOrientations_iPad = "UIInterfaceOrientationPortrait UIInterfaceOrientationPortraitUpsideDown UIInterfaceOrientationLandscapeLeft UIInterfaceOrientationLandscapeRight";
				INFOPLIST_KEY_UISupportedInterfaceOrientations_iPhone = "UIInterfaceOrientationPortrait UIInterfaceOrientationLandscapeLeft UIInterfaceOrientationLandscapeRight";
				LD_RUNPATH_SEARCH_PATHS = (
					"$(inherited)",
					"@executable_path/Frameworks",
				);
				MARKETING_VERSION = 1.0;
				PRODUCT_BUNDLE_IDENTIFIER = com.Husik.Netflix;
				PRODUCT_NAME = "$(TARGET_NAME)";
				SWIFT_EMIT_LOC_STRINGS = YES;
				SWIFT_VERSION = 5.0;
				TARGETED_DEVICE_FAMILY = "1,2";
			};
			name = Release;
		};
/* End XCBuildConfiguration section */

/* Begin XCConfigurationList section */
		CE729F3628637859007351DC /* Build configuration list for PBXProject "Netflix" */ = {
			isa = XCConfigurationList;
			buildConfigurations = (
				CE729F4D2863785D007351DC /* Debug */,
				CE729F4E2863785D007351DC /* Release */,
			);
			defaultConfigurationIsVisible = 0;
			defaultConfigurationName = Release;
		};
		CE729F4F2863785D007351DC /* Build configuration list for PBXNativeTarget "Netflix" */ = {
			isa = XCConfigurationList;
			buildConfigurations = (
				CE729F502863785D007351DC /* Debug */,
				CE729F512863785D007351DC /* Release */,
			);
			defaultConfigurationIsVisible = 0;
			defaultConfigurationName = Release;
		};
/* End XCConfigurationList section */

/* Begin XCRemoteSwiftPackageReference section */
		CE91A70A286CE1580003B9E7 /* XCRemoteSwiftPackageReference "SDWebImage" */ = {
			isa = XCRemoteSwiftPackageReference;
			repositoryURL = "https://github.com/SDWebImage/SDWebImage.git";
			requirement = {
				kind = upToNextMajorVersion;
				minimumVersion = 5.0.0;
			};
		};
/* End XCRemoteSwiftPackageReference section */

/* Begin XCSwiftPackageProductDependency section */
		CE91A70B286CE1580003B9E7 /* SDWebImage */ = {
			isa = XCSwiftPackageProductDependency;
			package = CE91A70A286CE1580003B9E7 /* XCRemoteSwiftPackageReference "SDWebImage" */;
			productName = SDWebImage;
		};
		CE91A70D286CE1580003B9E7 /* SDWebImageMapKit */ = {
			isa = XCSwiftPackageProductDependency;
			package = CE91A70A286CE1580003B9E7 /* XCRemoteSwiftPackageReference "SDWebImage" */;
			productName = SDWebImageMapKit;
		};
/* End XCSwiftPackageProductDependency section */
	};
	rootObject = CE729F3328637859007351DC /* Project object */;
}
